
Microsoft Visual Studio Solution File, Format Version 12.00
# Visual Studio Version 17
VisualStudioVersion = 17.9.34607.119
MinimumVisualStudioVersion = 10.0.40219.1
Project("{FAE04EC0-301F-11D3-BF4B-00C04F79EFBC}") = "Camos", "Camos\Camos.csproj", "{6EFEF4F0-695E-4F48-AB6B-BAEC4DB2398A}"
EndProject
Global
	GlobalSection(SolutionConfigurationPlatforms) = preSolution
		Debug|Any CPU = Debug|Any CPU
		Release|Any CPU = Release|Any CPU
	EndGlobalSection
	GlobalSection(ProjectConfigurationPlatforms) = postSolution
		{6EFEF4F0-695E-4F48-AB6B-BAEC4DB2398A}.Debug|Any CPU.ActiveCfg = Debug|Any CPU
		{6EFEF4F0-695E-4F48-AB6B-BAEC4DB2398A}.Debug|Any CPU.Build.0 = Debug|Any CPU
		{6EFEF4F0-695E-4F48-AB6B-BAEC4DB2398A}.Release|Any CPU.ActiveCfg = Release|Any CPU
		{6EFEF4F0-695E-4F48-AB6B-BAEC4DB2398A}.Release|Any CPU.Build.0 = Release|Any CPU
	EndGlobalSection
	GlobalSection(SolutionProperties) = preSolution
		HideSolutionNode = FALSE
	EndGlobalSection
	GlobalSection(ExtensibilityGlobals) = postSolution
		SolutionGuid = {093A524A-C5EB-428D-9134-31B4CDFC20D4}
	EndGlobalSection
EndGlobal
